
Microsoft Visual Studio Solution File, Format Version 12.00
# Visual Studio Version 16
VisualStudioVersion = 16.0.31321.278
MinimumVisualStudioVersion = 10.0.40219.1
Project("{8BC9CEB8-8B4A-11D0-8D11-00A0C91BC942}") = "Project1", "Project1\Project1.vcxproj", "{3AA23347-B810-48B9-A586-790029FC4EA0}"
EndProject
Global
	GlobalSection(SolutionConfigurationPlatforms) = preSolution
		Debug|x64 = Debug|x64
		Debug|x86 = Debug|x86
		Release|x64 = Release|x64
		Release|x86 = Release|x86
	EndGlobalSection
	GlobalSection(ProjectConfigurationPlatforms) = postSolution
		{3AA23347-B810-48B9-A586-790029FC4EA0}.Debug|x64.ActiveCfg = Debug|Win32
		{3AA23347-B810-48B9-A586-790029FC4EA0}.Debug|x64.Build.0 = Debug|Win32
		{3AA23347-B810-48B9-A586-790029FC4EA0}.Debug|x86.ActiveCfg = Debug|Win32
		{3AA23347-B810-48B9-A586-790029FC4EA0}.Debug|x86.Build.0 = Debug|Win32
		{3AA23347-B810-48B9-A586-790029FC4EA0}.Release|x64.ActiveCfg = Release|x64
		{3AA23347-B810-48B9-A586-790029FC4EA0}.Release|x64.Build.0 = Release|x64
		{3AA23347-B810-48B9-A586-790029FC4EA0}.Release|x86.ActiveCfg = Release|Win32
		{3AA23347-B810-48B9-A586-790029FC4EA0}.Release|x86.Build.0 = Release|Win32
	EndGlobalSection
	GlobalSection(SolutionProperties) = preSolution
		HideSolutionNode = FALSE
	EndGlobalSection
	GlobalSection(ExtensibilityGlobals) = postSolution
		SolutionGuid = {3931651C-4244-4914-9853-CF2FDA4836E8}
	EndGlobalSection
EndGlobal
